
Microsoft Visual Studio Solution File, Format Version 12.00
# Visual Studio Version 17
VisualStudioVersion = 17.8.34330.188
MinimumVisualStudioVersion = 10.0.40219.1
Project("{9A19103F-16F7-4668-BE54-9A1E7A4F7556}") = "Exceptions", "ExceptionsDelegatesPractice\Exceptions.csproj", "{60FB170A-1E06-4567-BA32-712254F213D5}"
EndProject
Project("{9A19103F-16F7-4668-BE54-9A1E7A4F7556}") = "EventsDelegates", "EventsDelegatesPractice\EventsDelegates.csproj", "{1B04A574-6EC9-4B90-94E8-72F2E88F80E2}"
EndProject
Global
	GlobalSection(SolutionConfigurationPlatforms) = preSolution
		Debug|Any CPU = Debug|Any CPU
		Release|Any CPU = Release|Any CPU
	EndGlobalSection
	GlobalSection(ProjectConfigurationPlatforms) = postSolution
		{60FB170A-1E06-4567-BA32-712254F213D5}.Debug|Any CPU.ActiveCfg = Debug|Any CPU
		{60FB170A-1E06-4567-BA32-712254F213D5}.Debug|Any CPU.Build.0 = Debug|Any CPU
		{60FB170A-1E06-4567-BA32-712254F213D5}.Release|Any CPU.ActiveCfg = Release|Any CPU
		{60FB170A-1E06-4567-BA32-712254F213D5}.Release|Any CPU.Build.0 = Release|Any CPU
		{1B04A574-6EC9-4B90-94E8-72F2E88F80E2}.Debug|Any CPU.ActiveCfg = Debug|Any CPU
		{1B04A574-6EC9-4B90-94E8-72F2E88F80E2}.Debug|Any CPU.Build.0 = Debug|Any CPU
		{1B04A574-6EC9-4B90-94E8-72F2E88F80E2}.Release|Any CPU.ActiveCfg = Release|Any CPU
		{1B04A574-6EC9-4B90-94E8-72F2E88F80E2}.Release|Any CPU.Build.0 = Release|Any CPU
	EndGlobalSection
	GlobalSection(SolutionProperties) = preSolution
		HideSolutionNode = FALSE
	EndGlobalSection
	GlobalSection(ExtensibilityGlobals) = postSolution
		SolutionGuid = {048861AF-C37A-4435-8A1C-5E9569B07C27}
	EndGlobalSection
EndGlobal
